// !$*UTF8*$!
{
	archiveVersion = 1;
	classes = {
	};
	objectVersion = 77;
	objects = {

/* Begin PBXBuildFile section */
		52537A342E2CA2EB00707BF8 /* FirebaseCore in Frameworks */ = {isa = PBXBuildFile; productRef = 52537A332E2CA2EB00707BF8 /* FirebaseCore */; };
		52537A362E2CA2EB00707BF8 /* FirebaseDatabase in Frameworks */ = {isa = PBXBuildFile; productRef = 52537A352E2CA2EB00707BF8 /* FirebaseDatabase */; };
		52537A382E2CB57F00707BF8 /* FirebaseFirestore in Frameworks */ = {isa = PBXBuildFile; productRef = 52537A372E2CB57F00707BF8 /* FirebaseFirestore */; };
		52567B5F2DD00A3A0016FF37 /* ThemeKit in Frameworks */ = {isa = PBXBuildFile; productRef = 52567B5E2DD00A3A0016FF37 /* ThemeKit */; };
		52567B612DD00A410016FF37 /* TimerKit in Frameworks */ = {isa = PBXBuildFile; productRef = 52567B602DD00A410016FF37 /* TimerKit */; };
/* End PBXBuildFile section */

/* Begin PBXContainerItemProxy section */
		52DC73112DCB09ED00F0D549 /* PBXContainerItemProxy */ = {
			isa = PBXContainerItemProxy;
			containerPortal = 52DC72FA2DCB09EC00F0D549 /* Project object */;
			proxyType = 1;
			remoteGlobalIDString = 52DC73012DCB09EC00F0D549;
			remoteInfo = PaintMe;
		};
		52DC731B2DCB09ED00F0D549 /* PBXContainerItemProxy */ = {
			isa = PBXContainerItemProxy;
			containerPortal = 52DC72FA2DCB09EC00F0D549 /* Project object */;
			proxyType = 1;
			remoteGlobalIDString = 52DC73012DCB09EC00F0D549;
			remoteInfo = PaintMe;
		};
/* End PBXContainerItemProxy section */

/* Begin PBXFileReference section */
		52DC73022DCB09EC00F0D549 /* BrushUp.app */ = {isa = PBXFileReference; explicitFileType = wrapper.application; includeInIndex = 0; path = BrushUp.app; sourceTree = BUILT_PRODUCTS_DIR; };
		52DC73102DCB09ED00F0D549 /* BrushUpTests.xctest */ = {isa = PBXFileReference; explicitFileType = wrapper.cfbundle; includeInIndex = 0; path = BrushUpTests.xctest; sourceTree = BUILT_PRODUCTS_DIR; };
		52DC731A2DCB09ED00F0D549 /* BrushUpUITests.xctest */ = {isa = PBXFileReference; explicitFileType = wrapper.cfbundle; includeInIndex = 0; path = BrushUpUITests.xctest; sourceTree = BUILT_PRODUCTS_DIR; };
/* End PBXFileReference section */

/* Begin PBXFileSystemSynchronizedRootGroup section */
		52DC73042DCB09EC00F0D549 /* BrushUp */ = {
			isa = PBXFileSystemSynchronizedRootGroup;
			path = BrushUp;
			sourceTree = "<group>";
		};
		52DC73132DCB09ED00F0D549 /* BrushUpTests */ = {
			isa = PBXFileSystemSynchronizedRootGroup;
			path = BrushUpTests;
			sourceTree = "<group>";
		};
		52DC731D2DCB09ED00F0D549 /* BrushUpUITests */ = {
			isa = PBXFileSystemSynchronizedRootGroup;
			path = BrushUpUITests;
			sourceTree = "<group>";
		};
/* End PBXFileSystemSynchronizedRootGroup section */

/* Begin PBXFrameworksBuildPhase section */
		52DC72FF2DCB09EC00F0D549 /* Frameworks */ = {
			isa = PBXFrameworksBuildPhase;
			buildActionMask = 2147483647;
			files = (
				52567B5F2DD00A3A0016FF37 /* ThemeKit in Frameworks */,
				52537A342E2CA2EB00707BF8 /* FirebaseCore in Frameworks */,
				52537A362E2CA2EB00707BF8 /* FirebaseDatabase in Frameworks */,
				52537A382E2CB57F00707BF8 /* FirebaseFirestore in Frameworks */,
				52567B612DD00A410016FF37 /* TimerKit in Frameworks */,
			);
			runOnlyForDeploymentPostprocessing = 0;
		};
		52DC730D2DCB09ED00F0D549 /* Frameworks */ = {
			isa = PBXFrameworksBuildPhase;
			buildActionMask = 2147483647;
			files = (
			);
			runOnlyForDeploymentPostprocessing = 0;
		};
		52DC73172DCB09ED00F0D549 /* Frameworks */ = {
			isa = PBXFrameworksBuildPhase;
			buildActionMask = 2147483647;
			files = (
			);
			runOnlyForDeploymentPostprocessing = 0;
		};
/* End PBXFrameworksBuildPhase section */

/* Begin PBXGroup section */
		52DC72F92DCB09EC00F0D549 = {
			isa = PBXGroup;
			children = (
				52DC73042DCB09EC00F0D549 /* BrushUp */,
				52DC73132DCB09ED00F0D549 /* BrushUpTests */,
				52DC731D2DCB09ED00F0D549 /* BrushUpUITests */,
				52DC73032DCB09EC00F0D549 /* Products */,
			);
			sourceTree = "<group>";
		};
		52DC73032DCB09EC00F0D549 /* Products */ = {
			isa = PBXGroup;
			children = (
				52DC73022DCB09EC00F0D549 /* BrushUp.app */,
				52DC73102DCB09ED00F0D549 /* BrushUpTests.xctest */,
				52DC731A2DCB09ED00F0D549 /* BrushUpUITests.xctest */,
			);
			name = Products;
			sourceTree = "<group>";
		};
/* End PBXGroup section */

/* Begin PBXNativeTarget section */
		52DC73012DCB09EC00F0D549 /* BrushUp */ = {
			isa = PBXNativeTarget;
			buildConfigurationList = 52DC73242DCB09ED00F0D549 /* Build configuration list for PBXNativeTarget "BrushUp" */;
			buildPhases = (
				52DC72FE2DCB09EC00F0D549 /* Sources */,
				52DC72FF2DCB09EC00F0D549 /* Frameworks */,
				52DC73002DCB09EC00F0D549 /* Resources */,
			);
			buildRules = (
			);
			dependencies = (
			);
			fileSystemSynchronizedGroups = (
				52DC73042DCB09EC00F0D549 /* BrushUp */,
			);
			name = BrushUp;
			packageProductDependencies = (
				52567B5E2DD00A3A0016FF37 /* ThemeKit */,
				52567B602DD00A410016FF37 /* TimerKit */,
				52537A332E2CA2EB00707BF8 /* FirebaseCore */,
				52537A352E2CA2EB00707BF8 /* FirebaseDatabase */,
				52537A372E2CB57F00707BF8 /* FirebaseFirestore */,
			);
			productName = PaintMe;
			productReference = 52DC73022DCB09EC00F0D549 /* BrushUp.app */;
			productType = "com.apple.product-type.application";
		};
		52DC730F2DCB09ED00F0D549 /* BrushUpTests */ = {
			isa = PBXNativeTarget;
			buildConfigurationList = 52DC73272DCB09ED00F0D549 /* Build configuration list for PBXNativeTarget "BrushUpTests" */;
			buildPhases = (
				52DC730C2DCB09ED00F0D549 /* Sources */,
				52DC730D2DCB09ED00F0D549 /* Frameworks */,
				52DC730E2DCB09ED00F0D549 /* Resources */,
			);
			buildRules = (
			);
			dependencies = (
				52DC73122DCB09ED00F0D549 /* PBXTargetDependency */,
			);
			fileSystemSynchronizedGroups = (
				52DC73132DCB09ED00F0D549 /* BrushUpTests */,
			);
			name = BrushUpTests;
			productName = PaintMeTests;
			productReference = 52DC73102DCB09ED00F0D549 /* BrushUpTests.xctest */;
			productType = "com.apple.product-type.bundle.unit-test";
		};
		52DC73192DCB09ED00F0D549 /* BrushUpUITests */ = {
			isa = PBXNativeTarget;
			buildConfigurationList = 52DC732A2DCB09ED00F0D549 /* Build configuration list for PBXNativeTarget "BrushUpUITests" */;
			buildPhases = (
				52DC73162DCB09ED00F0D549 /* Sources */,
				52DC73172DCB09ED00F0D549 /* Frameworks */,
				52DC73182DCB09ED00F0D549 /* Resources */,
			);
			buildRules = (
			);
			dependencies = (
				52DC731C2DCB09ED00F0D549 /* PBXTargetDependency */,
			);
			fileSystemSynchronizedGroups = (
				52DC731D2DCB09ED00F0D549 /* BrushUpUITests */,
			);
			name = BrushUpUITests;
			productName = PaintMeUITests;
			productReference = 52DC731A2DCB09ED00F0D549 /* BrushUpUITests.xctest */;
			productType = "com.apple.product-type.bundle.ui-testing";
		};
/* End PBXNativeTarget section */

/* Begin PBXProject section */
		52DC72FA2DCB09EC00F0D549 /* Project object */ = {
			isa = PBXProject;
			attributes = {
				BuildIndependentTargetsInParallel = 1;
				LastSwiftUpdateCheck = 1630;
				LastUpgradeCheck = 1630;
				TargetAttributes = {
					52DC73012DCB09EC00F0D549 = {
						CreatedOnToolsVersion = 16.3;
					};
					52DC730F2DCB09ED00F0D549 = {
						CreatedOnToolsVersion = 16.3;
						TestTargetID = 52DC73012DCB09EC00F0D549;
					};
					52DC73192DCB09ED00F0D549 = {
						CreatedOnToolsVersion = 16.3;
						TestTargetID = 52DC73012DCB09EC00F0D549;
					};
				};
			};
			buildConfigurationList = 52DC72FD2DCB09EC00F0D549 /* Build configuration list for PBXProject "BrushUp" */;
			developmentRegion = en;
			hasScannedForEncodings = 0;
			knownRegions = (
				en,
				Base,
			);
			mainGroup = 52DC72F92DCB09EC00F0D549;
			minimizedProjectReferenceProxies = 1;
			packageReferences = (
				52567B5B2DD009790016FF37 /* XCLocalSwiftPackageReference "Resources/ThemeKit" */,
				52567B5C2DD009B60016FF37 /* XCLocalSwiftPackageReference "Resources/TimerKit" */,
				52537A322E2CA2EB00707BF8 /* XCRemoteSwiftPackageReference "firebase-ios-sdk" */,
			);
			preferredProjectObjectVersion = 77;
			productRefGroup = 52DC73032DCB09EC00F0D549 /* Products */;
			projectDirPath = "";
			projectRoot = "";
			targets = (
				52DC73012DCB09EC00F0D549 /* BrushUp */,
				52DC730F2DCB09ED00F0D549 /* BrushUpTests */,
				52DC73192DCB09ED00F0D549 /* BrushUpUITests */,
			);
		};
/* End PBXProject section */

/* Begin PBXResourcesBuildPhase section */
		52DC73002DCB09EC00F0D549 /* Resources */ = {
			isa = PBXResourcesBuildPhase;
			buildActionMask = 2147483647;
			files = (
			);
			runOnlyForDeploymentPostprocessing = 0;
		};
		52DC730E2DCB09ED00F0D549 /* Resources */ = {
			isa = PBXResourcesBuildPhase;
			buildActionMask = 2147483647;
			files = (
			);
			runOnlyForDeploymentPostprocessing = 0;
		};
		52DC73182DCB09ED00F0D549 /* Resources */ = {
			isa = PBXResourcesBuildPhase;
			buildActionMask = 2147483647;
			files = (
			);
			runOnlyForDeploymentPostprocessing = 0;
		};
/* End PBXResourcesBuildPhase section */

/* Begin PBXSourcesBuildPhase section */
		52DC72FE2DCB09EC00F0D549 /* Sources */ = {
			isa = PBXSourcesBuildPhase;
			buildActionMask = 2147483647;
			files = (
			);
			runOnlyForDeploymentPostprocessing = 0;
		};
		52DC730C2DCB09ED00F0D549 /* Sources */ = {
			isa = PBXSourcesBuildPhase;
			buildActionMask = 2147483647;
			files = (
			);
			runOnlyForDeploymentPostprocessing = 0;
		};
		52DC73162DCB09ED00F0D549 /* Sources */ = {
			isa = PBXSourcesBuildPhase;
			buildActionMask = 2147483647;
			files = (
			);
			runOnlyForDeploymentPostprocessing = 0;
		};
/* End PBXSourcesBuildPhase section */

/* Begin PBXTargetDependency section */
		52DC73122DCB09ED00F0D549 /* PBXTargetDependency */ = {
			isa = PBXTargetDependency;
			target = 52DC73012DCB09EC00F0D549 /* BrushUp */;
			targetProxy = 52DC73112DCB09ED00F0D549 /* PBXContainerItemProxy */;
		};
		52DC731C2DCB09ED00F0D549 /* PBXTargetDependency */ = {
			isa = PBXTargetDependency;
			target = 52DC73012DCB09EC00F0D549 /* BrushUp */;
			targetProxy = 52DC731B2DCB09ED00F0D549 /* PBXContainerItemProxy */;
		};
/* End PBXTargetDependency section */

/* Begin XCBuildConfiguration section */
		52DC73222DCB09ED00F0D549 /* Debug */ = {
			isa = XCBuildConfiguration;
			buildSettings = {
				ALWAYS_SEARCH_USER_PATHS = NO;
				ASSETCATALOG_COMPILER_GENERATE_SWIFT_ASSET_SYMBOL_EXTENSIONS = YES;
				CLANG_ANALYZER_NONNULL = YES;
				CLANG_ANALYZER_NUMBER_OBJECT_CONVERSION = YES_AGGRESSIVE;
				CLANG_CXX_LANGUAGE_STANDARD = "gnu++20";
				CLANG_ENABLE_MODULES = YES;
				CLANG_ENABLE_OBJC_ARC = YES;
				CLANG_ENABLE_OBJC_WEAK = YES;
				CLANG_WARN_BLOCK_CAPTURE_AUTORELEASING = YES;
				CLANG_WARN_BOOL_CONVERSION = YES;
				CLANG_WARN_COMMA = YES;
				CLANG_WARN_CONSTANT_CONVERSION = YES;
				CLANG_WARN_DEPRECATED_OBJC_IMPLEMENTATIONS = YES;
				CLANG_WARN_DIRECT_OBJC_ISA_USAGE = YES_ERROR;
				CLANG_WARN_DOCUMENTATION_COMMENTS = YES;
				CLANG_WARN_EMPTY_BODY = YES;
				CLANG_WARN_ENUM_CONVERSION = YES;
				CLANG_WARN_INFINITE_RECURSION = YES;
				CLANG_WARN_INT_CONVERSION = YES;
				CLANG_WARN_NON_LITERAL_NULL_CONVERSION = YES;
				CLANG_WARN_OBJC_IMPLICIT_RETAIN_SELF = YES;
				CLANG_WARN_OBJC_LITERAL_CONVERSION = YES;
				CLANG_WARN_OBJC_ROOT_CLASS = YES_ERROR;
				CLANG_WARN_QUOTED_INCLUDE_IN_FRAMEWORK_HEADER = YES;
				CLANG_WARN_RANGE_LOOP_ANALYSIS = YES;
				CLANG_WARN_STRICT_PROTOTYPES = YES;
				CLANG_WARN_SUSPICIOUS_MOVE = YES;
				CLANG_WARN_UNGUARDED_AVAILABILITY = YES_AGGRESSIVE;
				CLANG_WARN_UNREACHABLE_CODE = YES;
				CLANG_WARN__DUPLICATE_METHOD_MATCH = YES;
				COPY_PHASE_STRIP = NO;
				DEBUG_INFORMATION_FORMAT = dwarf;
				DEVELOPMENT_TEAM = ZFAQZ35YP7;
				ENABLE_STRICT_OBJC_MSGSEND = YES;
				ENABLE_TESTABILITY = YES;
				ENABLE_USER_SCRIPT_SANDBOXING = YES;
				GCC_C_LANGUAGE_STANDARD = gnu17;
				GCC_DYNAMIC_NO_PIC = NO;
				GCC_NO_COMMON_BLOCKS = YES;
				GCC_OPTIMIZATION_LEVEL = 0;
				GCC_PREPROCESSOR_DEFINITIONS = (
					"DEBUG=1",
					"$(inherited)",
				);
				GCC_WARN_64_TO_32_BIT_CONVERSION = YES;
				GCC_WARN_ABOUT_RETURN_TYPE = YES_ERROR;
				GCC_WARN_UNDECLARED_SELECTOR = YES;
				GCC_WARN_UNINITIALIZED_AUTOS = YES_AGGRESSIVE;
				GCC_WARN_UNUSED_FUNCTION = YES;
				GCC_WARN_UNUSED_VARIABLE = YES;
				LOCALIZATION_PREFERS_STRING_CATALOGS = YES;
				MTL_ENABLE_DEBUG_INFO = INCLUDE_SOURCE;
				MTL_FAST_MATH = YES;
				ONLY_ACTIVE_ARCH = YES;
				SWIFT_ACTIVE_COMPILATION_CONDITIONS = "DEBUG $(inherited)";
				SWIFT_OPTIMIZATION_LEVEL = "-Onone";
			};
			name = Debug;
		};
		52DC73232DCB09ED00F0D549 /* Release */ = {
			isa = XCBuildConfiguration;
			buildSettings = {
				ALWAYS_SEARCH_USER_PATHS = NO;
				ASSETCATALOG_COMPILER_GENERATE_SWIFT_ASSET_SYMBOL_EXTENSIONS = YES;
				CLANG_ANALYZER_NONNULL = YES;
				CLANG_ANALYZER_NUMBER_OBJECT_CONVERSION = YES_AGGRESSIVE;
				CLANG_CXX_LANGUAGE_STANDARD = "gnu++20";
				CLANG_ENABLE_MODULES = YES;
				CLANG_ENABLE_OBJC_ARC = YES;
				CLANG_ENABLE_OBJC_WEAK = YES;
				CLANG_WARN_BLOCK_CAPTURE_AUTORELEASING = YES;
				CLANG_WARN_BOOL_CONVERSION = YES;
				CLANG_WARN_COMMA = YES;
				CLANG_WARN_CONSTANT_CONVERSION = YES;
				CLANG_WARN_DEPRECATED_OBJC_IMPLEMENTATIONS = YES;
				CLANG_WARN_DIRECT_OBJC_ISA_USAGE = YES_ERROR;
				CLANG_WARN_DOCUMENTATION_COMMENTS = YES;
				CLANG_WARN_EMPTY_BODY = YES;
				CLANG_WARN_ENUM_CONVERSION = YES;
				CLANG_WARN_INFINITE_RECURSION = YES;
				CLANG_WARN_INT_CONVERSION = YES;
				CLANG_WARN_NON_LITERAL_NULL_CONVERSION = YES;
				CLANG_WARN_OBJC_IMPLICIT_RETAIN_SELF = YES;
				CLANG_WARN_OBJC_LITERAL_CONVERSION = YES;
				CLANG_WARN_OBJC_ROOT_CLASS = YES_ERROR;
				CLANG_WARN_QUOTED_INCLUDE_IN_FRAMEWORK_HEADER = YES;
				CLANG_WARN_RANGE_LOOP_ANALYSIS = YES;
				CLANG_WARN_STRICT_PROTOTYPES = YES;
				CLANG_WARN_SUSPICIOUS_MOVE = YES;
				CLANG_WARN_UNGUARDED_AVAILABILITY = YES_AGGRESSIVE;
				CLANG_WARN_UNREACHABLE_CODE = YES;
				CLANG_WARN__DUPLICATE_METHOD_MATCH = YES;
				COPY_PHASE_STRIP = NO;
				DEBUG_INFORMATION_FORMAT = "dwarf-with-dsym";
				DEVELOPMENT_TEAM = ZFAQZ35YP7;
				ENABLE_NS_ASSERTIONS = NO;
				ENABLE_STRICT_OBJC_MSGSEND = YES;
				ENABLE_USER_SCRIPT_SANDBOXING = YES;
				GCC_C_LANGUAGE_STANDARD = gnu17;
				GCC_NO_COMMON_BLOCKS = YES;
				GCC_WARN_64_TO_32_BIT_CONVERSION = YES;
				GCC_WARN_ABOUT_RETURN_TYPE = YES_ERROR;
				GCC_WARN_UNDECLARED_SELECTOR = YES;
				GCC_WARN_UNINITIALIZED_AUTOS = YES_AGGRESSIVE;
				GCC_WARN_UNUSED_FUNCTION = YES;
				GCC_WARN_UNUSED_VARIABLE = YES;
				LOCALIZATION_PREFERS_STRING_CATALOGS = YES;
				MTL_ENABLE_DEBUG_INFO = NO;
				MTL_FAST_MATH = YES;
				SWIFT_COMPILATION_MODE = wholemodule;
			};
			name = Release;
		};
		52DC73252DCB09ED00F0D549 /* Debug */ = {
			isa = XCBuildConfiguration;
			buildSettings = {
				ASSETCATALOG_COMPILER_APPICON_NAME = AppIcon;
				ASSETCATALOG_COMPILER_GLOBAL_ACCENT_COLOR_NAME = AccentColor;
				CODE_SIGN_ENTITLEMENTS = BrushUp/BrushUp.entitlements;
				CODE_SIGN_IDENTITY = "Apple Development";
				CODE_SIGN_STYLE = Automatic;
				CURRENT_PROJECT_VERSION = 1;
				DEVELOPMENT_TEAM = ZFAQZ35YP7;
				ENABLE_HARDENED_RUNTIME = YES;
				ENABLE_PREVIEWS = YES;
				GENERATE_INFOPLIST_FILE = YES;
				"INFOPLIST_KEY_UIApplicationSceneManifest_Generation[sdk=iphoneos*]" = YES;
				"INFOPLIST_KEY_UIApplicationSceneManifest_Generation[sdk=iphonesimulator*]" = YES;
				"INFOPLIST_KEY_UIApplicationSupportsIndirectInputEvents[sdk=iphoneos*]" = YES;
				"INFOPLIST_KEY_UIApplicationSupportsIndirectInputEvents[sdk=iphonesimulator*]" = YES;
				"INFOPLIST_KEY_UILaunchScreen_Generation[sdk=iphoneos*]" = YES;
				"INFOPLIST_KEY_UILaunchScreen_Generation[sdk=iphonesimulator*]" = YES;
				"INFOPLIST_KEY_UIStatusBarStyle[sdk=iphoneos*]" = UIStatusBarStyleDefault;
				"INFOPLIST_KEY_UIStatusBarStyle[sdk=iphonesimulator*]" = UIStatusBarStyleDefault;
				INFOPLIST_KEY_UISupportedInterfaceOrientations_iPad = "UIInterfaceOrientationPortrait UIInterfaceOrientationPortraitUpsideDown UIInterfaceOrientationLandscapeLeft UIInterfaceOrientationLandscapeRight";
				INFOPLIST_KEY_UISupportedInterfaceOrientations_iPhone = "UIInterfaceOrientationPortrait UIInterfaceOrientationLandscapeLeft UIInterfaceOrientationLandscapeRight";
				IPHONEOS_DEPLOYMENT_TARGET = 18.4;
				LD_RUNPATH_SEARCH_PATHS = "";
				"LD_RUNPATH_SEARCH_PATHS[sdk=macosx*]" = "";
				MACOSX_DEPLOYMENT_TARGET = 15.3;
				MARKETING_VERSION = 1.0;
				PRODUCT_BUNDLE_IDENTIFIER = com.ysuzuki.BrushUp;
				PRODUCT_NAME = "$(TARGET_NAME)";
				PROVISIONING_PROFILE_SPECIFIER = "";
				REGISTER_APP_GROUPS = YES;
				SDKROOT = auto;
				SUPPORTED_PLATFORMS = "iphoneos iphonesimulator";
				SUPPORTS_MACCATALYST = NO;
				SWIFT_EMIT_LOC_STRINGS = YES;
				SWIFT_VERSION = 6.0;
				TARGETED_DEVICE_FAMILY = "1,2";
				XROS_DEPLOYMENT_TARGET = 2.4;
			};
			name = Debug;
		};
		52DC73262DCB09ED00F0D549 /* Release */ = {
			isa = XCBuildConfiguration;
			buildSettings = {
				ASSETCATALOG_COMPILER_APPICON_NAME = AppIcon;
				ASSETCATALOG_COMPILER_GLOBAL_ACCENT_COLOR_NAME = AccentColor;
				CODE_SIGN_ENTITLEMENTS = BrushUp/BrushUp.entitlements;
				CODE_SIGN_IDENTITY = "Apple Development";
				CODE_SIGN_STYLE = Automatic;
				CURRENT_PROJECT_VERSION = 1;
				DEVELOPMENT_TEAM = ZFAQZ35YP7;
				ENABLE_HARDENED_RUNTIME = YES;
				ENABLE_PREVIEWS = YES;
				GENERATE_INFOPLIST_FILE = YES;
				"INFOPLIST_KEY_UIApplicationSceneManifest_Generation[sdk=iphoneos*]" = YES;
				"INFOPLIST_KEY_UIApplicationSceneManifest_Generation[sdk=iphonesimulator*]" = YES;
				"INFOPLIST_KEY_UIApplicationSupportsIndirectInputEvents[sdk=iphoneos*]" = YES;
				"INFOPLIST_KEY_UIApplicationSupportsIndirectInputEvents[sdk=iphonesimulator*]" = YES;
				"INFOPLIST_KEY_UILaunchScreen_Generation[sdk=iphoneos*]" = YES;
				"INFOPLIST_KEY_UILaunchScreen_Generation[sdk=iphonesimulator*]" = YES;
				"INFOPLIST_KEY_UIStatusBarStyle[sdk=iphoneos*]" = UIStatusBarStyleDefault;
				"INFOPLIST_KEY_UIStatusBarStyle[sdk=iphonesimulator*]" = UIStatusBarStyleDefault;
				INFOPLIST_KEY_UISupportedInterfaceOrientations_iPad = "UIInterfaceOrientationPortrait UIInterfaceOrientationPortraitUpsideDown UIInterfaceOrientationLandscapeLeft UIInterfaceOrientationLandscapeRight";
				INFOPLIST_KEY_UISupportedInterfaceOrientations_iPhone = "UIInterfaceOrientationPortrait UIInterfaceOrientationLandscapeLeft UIInterfaceOrientationLandscapeRight";
				IPHONEOS_DEPLOYMENT_TARGET = 18.4;
				LD_RUNPATH_SEARCH_PATHS = "";
				"LD_RUNPATH_SEARCH_PATHS[sdk=macosx*]" = "";
				MACOSX_DEPLOYMENT_TARGET = 15.3;
				MARKETING_VERSION = 1.0;
				PRODUCT_BUNDLE_IDENTIFIER = com.ysuzuki.BrushUp;
				PRODUCT_NAME = "$(TARGET_NAME)";
				PROVISIONING_PROFILE_SPECIFIER = "";
				REGISTER_APP_GROUPS = YES;
				SDKROOT = auto;
				SUPPORTED_PLATFORMS = "iphoneos iphonesimulator";
				SUPPORTS_MACCATALYST = NO;
				SWIFT_EMIT_LOC_STRINGS = YES;
				SWIFT_VERSION = 6.0;
				TARGETED_DEVICE_FAMILY = "1,2";
				XROS_DEPLOYMENT_TARGET = 2.4;
			};
			name = Release;
		};
		52DC73282DCB09ED00F0D549 /* Debug */ = {
			isa = XCBuildConfiguration;
			buildSettings = {
				BUNDLE_LOADER = "$(TEST_HOST)";
				"CODE_SIGN_IDENTITY[sdk=macosx*]" = "Apple Development";
				CODE_SIGN_STYLE = Automatic;
				CURRENT_PROJECT_VERSION = 1;
				DEVELOPMENT_TEAM = ZFAQZ35YP7;
				GENERATE_INFOPLIST_FILE = YES;
				IPHONEOS_DEPLOYMENT_TARGET = 18.4;
				MACOSX_DEPLOYMENT_TARGET = 15.3;
				MARKETING_VERSION = 1.0;
				PRODUCT_BUNDLE_IDENTIFIER = com.ysuzuki.BrushUpTests;
				PRODUCT_NAME = "$(TARGET_NAME)";
				SDKROOT = auto;
				SUPPORTED_PLATFORMS = "iphoneos iphonesimulator macosx xros xrsimulator";
				SWIFT_EMIT_LOC_STRINGS = NO;
				SWIFT_VERSION = 6.0;
				TARGETED_DEVICE_FAMILY = "1,2,7";
				TEST_HOST = "$(BUILT_PRODUCTS_DIR)/BrushUp.app/$(BUNDLE_EXECUTABLE_FOLDER_PATH)/BrushUp";
				XROS_DEPLOYMENT_TARGET = 2.4;
			};
			name = Debug;
		};
		52DC73292DCB09ED00F0D549 /* Release */ = {
			isa = XCBuildConfiguration;
			buildSettings = {
				BUNDLE_LOADER = "$(TEST_HOST)";
				"CODE_SIGN_IDENTITY[sdk=macosx*]" = "Apple Development";
				CODE_SIGN_STYLE = Automatic;
				CURRENT_PROJECT_VERSION = 1;
				DEVELOPMENT_TEAM = ZFAQZ35YP7;
				GENERATE_INFOPLIST_FILE = YES;
				IPHONEOS_DEPLOYMENT_TARGET = 18.4;
				MACOSX_DEPLOYMENT_TARGET = 15.3;
				MARKETING_VERSION = 1.0;
				PRODUCT_BUNDLE_IDENTIFIER = com.ysuzuki.BrushUpTests;
				PRODUCT_NAME = "$(TARGET_NAME)";
				SDKROOT = auto;
				SUPPORTED_PLATFORMS = "iphoneos iphonesimulator macosx xros xrsimulator";
				SWIFT_EMIT_LOC_STRINGS = NO;
				SWIFT_VERSION = 6.0;
				TARGETED_DEVICE_FAMILY = "1,2,7";
				TEST_HOST = "$(BUILT_PRODUCTS_DIR)/BrushUp.app/$(BUNDLE_EXECUTABLE_FOLDER_PATH)/BrushUp";
				XROS_DEPLOYMENT_TARGET = 2.4;
			};
			name = Release;
		};
		52DC732B2DCB09ED00F0D549 /* Debug */ = {
			isa = XCBuildConfiguration;
			buildSettings = {
				CODE_SIGN_STYLE = Automatic;
				CURRENT_PROJECT_VERSION = 1;
				DEVELOPMENT_TEAM = ZFAQZ35YP7;
				GENERATE_INFOPLIST_FILE = YES;
				IPHONEOS_DEPLOYMENT_TARGET = 18.4;
				MACOSX_DEPLOYMENT_TARGET = 15.3;
				MARKETING_VERSION = 1.0;
				PRODUCT_BUNDLE_IDENTIFIER = com.ysuzuki.BrushUpUITests;
				PRODUCT_NAME = "$(TARGET_NAME)";
				SDKROOT = auto;
				SUPPORTED_PLATFORMS = "iphoneos iphonesimulator macosx xros xrsimulator";
				SWIFT_EMIT_LOC_STRINGS = NO;
				SWIFT_VERSION = 6.0;
				TARGETED_DEVICE_FAMILY = "1,2,7";
				TEST_TARGET_NAME = BrushUp;
				XROS_DEPLOYMENT_TARGET = 2.4;
			};
			name = Debug;
		};
		52DC732C2DCB09ED00F0D549 /* Release */ = {
			isa = XCBuildConfiguration;
			buildSettings = {
				CODE_SIGN_STYLE = Automatic;
				CURRENT_PROJECT_VERSION = 1;
				DEVELOPMENT_TEAM = ZFAQZ35YP7;
				GENERATE_INFOPLIST_FILE = YES;
				IPHONEOS_DEPLOYMENT_TARGET = 18.4;
				MACOSX_DEPLOYMENT_TARGET = 15.3;
				MARKETING_VERSION = 1.0;
				PRODUCT_BUNDLE_IDENTIFIER = com.ysuzuki.BrushUpUITests;
				PRODUCT_NAME = "$(TARGET_NAME)";
				SDKROOT = auto;
				SUPPORTED_PLATFORMS = "iphoneos iphonesimulator macosx xros xrsimulator";
				SWIFT_EMIT_LOC_STRINGS = NO;
				SWIFT_VERSION = 6.0;
				TARGETED_DEVICE_FAMILY = "1,2,7";
				TEST_TARGET_NAME = BrushUp;
				XROS_DEPLOYMENT_TARGET = 2.4;
			};
			name = Release;
		};
/* End XCBuildConfiguration section */

/* Begin XCConfigurationList section */
		52DC72FD2DCB09EC00F0D549 /* Build configuration list for PBXProject "BrushUp" */ = {
			isa = XCConfigurationList;
			buildConfigurations = (
				52DC73222DCB09ED00F0D549 /* Debug */,
				52DC73232DCB09ED00F0D549 /* Release */,
			);
			defaultConfigurationIsVisible = 0;
			defaultConfigurationName = Release;
		};
		52DC73242DCB09ED00F0D549 /* Build configuration list for PBXNativeTarget "BrushUp" */ = {
			isa = XCConfigurationList;
			buildConfigurations = (
				52DC73252DCB09ED00F0D549 /* Debug */,
				52DC73262DCB09ED00F0D549 /* Release */,
			);
			defaultConfigurationIsVisible = 0;
			defaultConfigurationName = Release;
		};
		52DC73272DCB09ED00F0D549 /* Build configuration list for PBXNativeTarget "BrushUpTests" */ = {
			isa = XCConfigurationList;
			buildConfigurations = (
				52DC73282DCB09ED00F0D549 /* Debug */,
				52DC73292DCB09ED00F0D549 /* Release */,
			);
			defaultConfigurationIsVisible = 0;
			defaultConfigurationName = Release;
		};
		52DC732A2DCB09ED00F0D549 /* Build configuration list for PBXNativeTarget "BrushUpUITests" */ = {
			isa = XCConfigurationList;
			buildConfigurations = (
				52DC732B2DCB09ED00F0D549 /* Debug */,
				52DC732C2DCB09ED00F0D549 /* Release */,
			);
			defaultConfigurationIsVisible = 0;
			defaultConfigurationName = Release;
		};
/* End XCConfigurationList section */

/* Begin XCLocalSwiftPackageReference section */
		52567B5B2DD009790016FF37 /* XCLocalSwiftPackageReference "Resources/ThemeKit" */ = {
			isa = XCLocalSwiftPackageReference;
			relativePath = Resources/ThemeKit;
		};
		52567B5C2DD009B60016FF37 /* XCLocalSwiftPackageReference "Resources/TimerKit" */ = {
			isa = XCLocalSwiftPackageReference;
			relativePath = Resources/TimerKit;
		};
/* End XCLocalSwiftPackageReference section */

/* Begin XCRemoteSwiftPackageReference section */
		52537A322E2CA2EB00707BF8 /* XCRemoteSwiftPackageReference "firebase-ios-sdk" */ = {
			isa = XCRemoteSwiftPackageReference;
			repositoryURL = "https://github.com/firebase/firebase-ios-sdk";
			requirement = {
				kind = upToNextMajorVersion;
				minimumVersion = 12.0.0;
			};
		};
/* End XCRemoteSwiftPackageReference section */

/* Begin XCSwiftPackageProductDependency section */
		52537A332E2CA2EB00707BF8 /* FirebaseCore */ = {
			isa = XCSwiftPackageProductDependency;
			package = 52537A322E2CA2EB00707BF8 /* XCRemoteSwiftPackageReference "firebase-ios-sdk" */;
			productName = FirebaseCore;
		};
		52537A352E2CA2EB00707BF8 /* FirebaseDatabase */ = {
			isa = XCSwiftPackageProductDependency;
			package = 52537A322E2CA2EB00707BF8 /* XCRemoteSwiftPackageReference "firebase-ios-sdk" */;
			productName = FirebaseDatabase;
		};
		52537A372E2CB57F00707BF8 /* FirebaseFirestore */ = {
			isa = XCSwiftPackageProductDependency;
			package = 52537A322E2CA2EB00707BF8 /* XCRemoteSwiftPackageReference "firebase-ios-sdk" */;
			productName = FirebaseFirestore;
		};
		52567B5E2DD00A3A0016FF37 /* ThemeKit */ = {
			isa = XCSwiftPackageProductDependency;
			package = 52567B5B2DD009790016FF37 /* XCLocalSwiftPackageReference "Resources/ThemeKit" */;
			productName = ThemeKit;
		};
		52567B602DD00A410016FF37 /* TimerKit */ = {
			isa = XCSwiftPackageProductDependency;
			package = 52567B5C2DD009B60016FF37 /* XCLocalSwiftPackageReference "Resources/TimerKit" */;
			productName = TimerKit;
		};
/* End XCSwiftPackageProductDependency section */
	};
	rootObject = 52DC72FA2DCB09EC00F0D549 /* Project object */;
}
